// !$*UTF8*$!
{
	archiveVersion = 1;
	classes = {
	};
	objectVersion = 46;
	objects = {

/* Begin PBXBuildFile section */
		5380B2751EC402CF0000CED2 /* main.m in Sources */ = {isa = PBXBuildFile; fileRef = 5380B2741EC402CF0000CED2 /* main.m */; };
		5380B2781EC402CF0000CED2 /* AppDelegate.m in Sources */ = {isa = PBXBuildFile; fileRef = 5380B2771EC402CF0000CED2 /* AppDelegate.m */; };
		5380B27B1EC402CF0000CED2 /* ViewController.m in Sources */ = {isa = PBXBuildFile; fileRef = 5380B27A1EC402CF0000CED2 /* ViewController.m */; };
		5380B27E1EC402CF0000CED2 /* Main.storyboard in Resources */ = {isa = PBXBuildFile; fileRef = 5380B27C1EC402CF0000CED2 /* Main.storyboard */; };
		5380B2801EC402CF0000CED2 /* Assets.xcassets in Resources */ = {isa = PBXBuildFile; fileRef = 5380B27F1EC402CF0000CED2 /* Assets.xcassets */; };
		5380B2831EC402CF0000CED2 /* LaunchScreen.storyboard in Resources */ = {isa = PBXBuildFile; fileRef = 5380B2811EC402CF0000CED2 /* LaunchScreen.storyboard */; };
		5380B28C1EC403040000CED2 /* UITableView+fl_category.m in Sources */ = {isa = PBXBuildFile; fileRef = 5380B28B1EC403040000CED2 /* UITableView+fl_category.m */; };
/* End PBXBuildFile section */

/* Begin PBXFileReference section */
		5380B2701EC402CF0000CED2 /* UITableViewNoData.app */ = {isa = PBXFileReference; explicitFileType = wrapper.application; includeInIndex = 0; path = UITableViewNoData.app; sourceTree = BUILT_PRODUCTS_DIR; };
		5380B2741EC402CF0000CED2 /* main.m */ = {isa = PBXFileReference; lastKnownFileType = sourcecode.c.objc; path = main.m; sourceTree = "<group>"; };
		5380B2761EC402CF0000CED2 /* AppDelegate.h */ = {isa = PBXFileReference; lastKnownFileType = sourcecode.c.h; path = AppDelegate.h; sourceTree = "<group>"; };
		5380B2771EC402CF0000CED2 /* AppDelegate.m */ = {isa = PBXFileReference; lastKnownFileType = sourcecode.c.objc; path = AppDelegate.m; sourceTree = "<group>"; };
		5380B2791EC402CF0000CED2 /* ViewController.h */ = {isa = PBXFileReference; lastKnownFileType = sourcecode.c.h; path = ViewController.h; sourceTree = "<group>"; };
		5380B27A1EC402CF0000CED2 /* ViewController.m */ = {isa = PBXFileReference; lastKnownFileType = sourcecode.c.objc; path = ViewController.m; sourceTree = "<group>"; };
		5380B27D1EC402CF0000CED2 /* Base */ = {isa = PBXFileReference; lastKnownFileType = file.storyboard; name = Base; path = Base.lproj/Main.storyboard; sourceTree = "<group>"; };
		5380B27F1EC402CF0000CED2 /* Assets.xcassets */ = {isa = PBXFileReference; lastKnownFileType = folder.assetcatalog; path = Assets.xcassets; sourceTree = "<group>"; };
		5380B2821EC402CF0000CED2 /* Base */ = {isa = PBXFileReference; lastKnownFileType = file.storyboard; name = Base; path = Base.lproj/LaunchScreen.storyboard; sourceTree = "<group>"; };
		5380B2841EC402CF0000CED2 /* Info.plist */ = {isa = PBXFileReference; lastKnownFileType = text.plist.xml; path = Info.plist; sourceTree = "<group>"; };
		5380B28A1EC403040000CED2 /* UITableView+fl_category.h */ = {isa = PBXFileReference; fileEncoding = 4; lastKnownFileType = sourcecode.c.h; path = "UITableView+fl_category.h"; sourceTree = "<group>"; };
		5380B28B1EC403040000CED2 /* UITableView+fl_category.m */ = {isa = PBXFileReference; fileEncoding = 4; lastKnownFileType = sourcecode.c.objc; path = "UITableView+fl_category.m"; sourceTree = "<group>"; };
/* End PBXFileReference section */

/* Begin PBXFrameworksBuildPhase section */
		5380B26D1EC402CF0000CED2 /* Frameworks */ = {
			isa = PBXFrameworksBuildPhase;
			buildActionMask = 2147483647;
			files = (
			);
			runOnlyForDeploymentPostprocessing = 0;
		};
/* End PBXFrameworksBuildPhase section */

/* Begin PBXGroup section */
		5380B2671EC402CF0000CED2 = {
			isa = PBXGroup;
			children = (
				5380B2721EC402CF0000CED2 /* UITableViewNoData */,
				5380B2711EC402CF0000CED2 /* Products */,
			);
			sourceTree = "<group>";
		};
		5380B2711EC402CF0000CED2 /* Products */ = {
			isa = PBXGroup;
			children = (
				5380B2701EC402CF0000CED2 /* UITableViewNoData.app */,
			);
			name = Products;
			sourceTree = "<group>";
		};
		5380B2721EC402CF0000CED2 /* UITableViewNoData */ = {
			isa = PBXGroup;
			children = (
				5380B2761EC402CF0000CED2 /* AppDelegate.h */,
				5380B2771EC402CF0000CED2 /* AppDelegate.m */,
				5380B2791EC402CF0000CED2 /* ViewController.h */,
				5380B27A1EC402CF0000CED2 /* ViewController.m */,
				5380B28A1EC403040000CED2 /* UITableView+fl_category.h */,
				5380B28B1EC403040000CED2 /* UITableView+fl_category.m */,
				5380B27C1EC402CF0000CED2 /* Main.storyboard */,
				5380B27F1EC402CF0000CED2 /* Assets.xcassets */,
				5380B2811EC402CF0000CED2 /* LaunchScreen.storyboard */,
				5380B2841EC402CF0000CED2 /* Info.plist */,
				5380B2731EC402CF0000CED2 /* Supporting Files */,
			);
			path = UITableViewNoData;
			sourceTree = "<group>";
		};
		5380B2731EC402CF0000CED2 /* Supporting Files */ = {
			isa = PBXGroup;
			children = (
				5380B2741EC402CF0000CED2 /* main.m */,
			);
			name = "Supporting Files";
			sourceTree = "<group>";
		};
/* End PBXGroup section */

/* Begin PBXNativeTarget section */
		5380B26F1EC402CF0000CED2 /* UITableViewNoData */ = {
			isa = PBXNativeTarget;
			buildConfigurationList = 5380B2871EC402CF0000CED2 /* Build configuration list for PBXNativeTarget "UITableViewNoData" */;
			buildPhases = (
				5380B26C1EC402CF0000CED2 /* Sources */,
				5380B26D1EC402CF0000CED2 /* Frameworks */,
				5380B26E1EC402CF0000CED2 /* Resources */,
			);
			buildRules = (
			);
			dependencies = (
			);
			name = UITableViewNoData;
			productName = UITableViewNoData;
			productReference = 5380B2701EC402CF0000CED2 /* UITableViewNoData.app */;
			productType = "com.apple.product-type.application";
		};
/* End PBXNativeTarget section */

/* Begin PBXProject section */
		5380B2681EC402CF0000CED2 /* Project object */ = {
			isa = PBXProject;
			attributes = {
				LastUpgradeCheck = 0830;
				ORGANIZATIONNAME = wangjungang;
				TargetAttributes = {
					5380B26F1EC402CF0000CED2 = {
						CreatedOnToolsVersion = 8.3;
						DevelopmentTeam = GZJLNU22Y5;
						ProvisioningStyle = Automatic;
					};
				};
			};
			buildConfigurationList = 5380B26B1EC402CF0000CED2 /* Build configuration list for PBXProject "UITableViewNoData" */;
			compatibilityVersion = "Xcode 3.2";
			developmentRegion = English;
			hasScannedForEncodings = 0;
			knownRegions = (
				en,
				Base,
			);
			mainGroup = 5380B2671EC402CF0000CED2;
			productRefGroup = 5380B2711EC402CF0000CED2 /* Products */;
			projectDirPath = "";
			projectRoot = "";
			targets = (
				5380B26F1EC402CF0000CED2 /* UITableViewNoData */,
			);
		};
/* End PBXProject section */

/* Begin PBXResourcesBuildPhase section */
		5380B26E1EC402CF0000CED2 /* Resources */ = {
			isa = PBXResourcesBuildPhase;
			buildActionMask = 2147483647;
			files = (
				5380B2831EC402CF0000CED2 /* LaunchScreen.storyboard in Resources */,
				5380B2801EC402CF0000CED2 /* Assets.xcassets in Resources */,
				5380B27E1EC402CF0000CED2 /* Main.storyboard in Resources */,
			);
			runOnlyForDeploymentPostprocessing = 0;
		};
/* End PBXResourcesBuildPhase section */

/* Begin PBXSourcesBuildPhase section */
		5380B26C1EC402CF0000CED2 /* Sources */ = {
			isa = PBXSourcesBuildPhase;
			buildActionMask = 2147483647;
			files = (
				5380B27B1EC402CF0000CED2 /* ViewController.m in Sources */,
				5380B2781EC402CF0000CED2 /* AppDelegate.m in Sources */,
				5380B2751EC402CF0000CED2 /* main.m in Sources */,
				5380B28C1EC403040000CED2 /* UITableView+fl_category.m in Sources */,
			);
			runOnlyForDeploymentPostprocessing = 0;
		};
/* End PBXSourcesBuildPhase section */

/* Begin PBXVariantGroup section */
		5380B27C1EC402CF0000CED2 /* Main.storyboard */ = {
			isa = PBXVariantGroup;
			children = (
				5380B27D1EC402CF0000CED2 /* Base */,
			);
			name = Main.storyboard;
			sourceTree = "<group>";
		};
		5380B2811EC402CF0000CED2 /* LaunchScreen.storyboard */ = {
			isa = PBXVariantGroup;
			children = (
				5380B2821EC402CF0000CED2 /* Base */,
			);
			name = LaunchScreen.storyboard;
			sourceTree = "<group>";
		};
/* End PBXVariantGroup section */

/* Begin XCBuildConfiguration section */
		5380B2851EC402CF0000CED2 /* Debug */ = {
			isa = XCBuildConfiguration;
			buildSettings = {
				ALWAYS_SEARCH_USER_PATHS = NO;
				CLANG_ANALYZER_NONNULL = YES;
				CLANG_ANALYZER_NUMBER_OBJECT_CONVERSION = YES_AGGRESSIVE;
				CLANG_CXX_LANGUAGE_STANDARD = "gnu++0x";
				CLANG_CXX_LIBRARY = "libc++";
				CLANG_ENABLE_MODULES = YES;
				CLANG_ENABLE_OBJC_ARC = YES;
				CLANG_WARN_BOOL_CONVERSION = YES;
				CLANG_WARN_CONSTANT_CONVERSION = YES;
				CLANG_WARN_DIRECT_OBJC_ISA_USAGE = YES_ERROR;
				CLANG_WARN_DOCUMENTATION_COMMENTS = YES;
				CLANG_WARN_EMPTY_BODY = YES;
				CLANG_WARN_ENUM_CONVERSION = YES;
				CLANG_WARN_INFINITE_RECURSION = YES;
				CLANG_WARN_INT_CONVERSION = YES;
				CLANG_WARN_OBJC_ROOT_CLASS = YES_ERROR;
				CLANG_WARN_SUSPICIOUS_MOVE = YES;
				CLANG_WARN_UNREACHABLE_CODE = YES;
				CLANG_WARN__DUPLICATE_METHOD_MATCH = YES;
				"CODE_SIGN_IDENTITY[sdk=iphoneos*]" = "iPhone Developer";
				COPY_PHASE_STRIP = NO;
				DEBUG_INFORMATION_FORMAT = dwarf;
				ENABLE_STRICT_OBJC_MSGSEND = YES;
				ENABLE_TESTABILITY = YES;
				GCC_C_LANGUAGE_STANDARD = gnu99;
				GCC_DYNAMIC_NO_PIC = NO;
				GCC_NO_COMMON_BLOCKS = YES;
				GCC_OPTIMIZATION_LEVEL = 0;
				GCC_PREPROCESSOR_DEFINITIONS = (
					"DEBUG=1",
					"$(inherited)",
				);
				GCC_WARN_64_TO_32_BIT_CONVERSION = YES;
				GCC_WARN_ABOUT_RETURN_TYPE = YES_ERROR;
				GCC_WARN_UNDECLARED_SELECTOR = YES;
				GCC_WARN_UNINITIALIZED_AUTOS = YES_AGGRESSIVE;
				GCC_WARN_UNUSED_FUNCTION = YES;
				GCC_WARN_UNUSED_VARIABLE = YES;
				IPHONEOS_DEPLOYMENT_TARGET = 10.3;
				MTL_ENABLE_DEBUG_INFO = YES;
				ONLY_ACTIVE_ARCH = YES;
				SDKROOT = iphoneos;
				TARGETED_DEVICE_FAMILY = "1,2";
			};
			name = Debug;
		};
		5380B2861EC402CF0000CED2 /* Release */ = {
			isa = XCBuildConfiguration;
			buildSettings = {
				ALWAYS_SEARCH_USER_PATHS = NO;
				CLANG_ANALYZER_NONNULL = YES;
				CLANG_ANALYZER_NUMBER_OBJECT_CONVERSION = YES_AGGRESSIVE;
				CLANG_CXX_LANGUAGE_STANDARD = "gnu++0x";
				CLANG_CXX_LIBRARY = "libc++";
				CLANG_ENABLE_MODULES = YES;
				CLANG_ENABLE_OBJC_ARC = YES;
				CLANG_WARN_BOOL_CONVERSION = YES;
				CLANG_WARN_CONSTANT_CONVERSION = YES;
				CLANG_WARN_DIRECT_OBJC_ISA_USAGE = YES_ERROR;
				CLANG_WARN_DOCUMENTATION_COMMENTS = YES;
				CLANG_WARN_EMPTY_BODY = YES;
				CLANG_WARN_ENUM_CONVERSION = YES;
				CLANG_WARN_INFINITE_RECURSION = YES;
				CLANG_WARN_INT_CONVERSION = YES;
				CLANG_WARN_OBJC_ROOT_CLASS = YES_ERROR;
				CLANG_WARN_SUSPICIOUS_MOVE = YES;
				CLANG_WARN_UNREACHABLE_CODE = YES;
				CLANG_WARN__DUPLICATE_METHOD_MATCH = YES;
				"CODE_SIGN_IDENTITY[sdk=iphoneos*]" = "iPhone Developer";
				COPY_PHASE_STRIP = NO;
				DEBUG_INFORMATION_FORMAT = "dwarf-with-dsym";
				ENABLE_NS_ASSERTIONS = NO;
				ENABLE_STRICT_OBJC_MSGSEND = YES;
				GCC_C_LANGUAGE_STANDARD = gnu99;
				GCC_NO_COMMON_BLOCKS = YES;
				GCC_WARN_64_TO_32_BIT_CONVERSION = YES;
				GCC_WARN_ABOUT_RETURN_TYPE = YES_ERROR;
				GCC_WARN_UNDECLARED_SELECTOR = YES;
				GCC_WARN_UNINITIALIZED_AUTOS = YES_AGGRESSIVE;
				GCC_WARN_UNUSED_FUNCTION = YES;
				GCC_WARN_UNUSED_VARIABLE = YES;
				IPHONEOS_DEPLOYMENT_TARGET = 10.3;
				MTL_ENABLE_DEBUG_INFO = NO;
				SDKROOT = iphoneos;
				TARGETED_DEVICE_FAMILY = "1,2";
				VALIDATE_PRODUCT = YES;
			};
			name = Release;
		};
		5380B2881EC402CF0000CED2 /* Debug */ = {
			isa = XCBuildConfiguration;
			buildSettings = {
				ASSETCATALOG_COMPILER_APPICON_NAME = AppIcon;
				DEVELOPMENT_TEAM = GZJLNU22Y5;
				INFOPLIST_FILE = UITableViewNoData/Info.plist;
				LD_RUNPATH_SEARCH_PATHS = "$(inherited) @executable_path/Frameworks";
				PRODUCT_BUNDLE_IDENTIFIER = com.wangjungang.UITableViewNoData;
				PRODUCT_NAME = "$(TARGET_NAME)";
			};
			name = Debug;
		};
		5380B2891EC402CF0000CED2 /* Release */ = {
			isa = XCBuildConfiguration;
			buildSettings = {
				ASSETCATALOG_COMPILER_APPICON_NAME = AppIcon;
				DEVELOPMENT_TEAM = GZJLNU22Y5;
				INFOPLIST_FILE = UITableViewNoData/Info.plist;
				LD_RUNPATH_SEARCH_PATHS = "$(inherited) @executable_path/Frameworks";
				PRODUCT_BUNDLE_IDENTIFIER = com.wangjungang.UITableViewNoData;
				PRODUCT_NAME = "$(TARGET_NAME)";
			};
			name = Release;
		};
/* End XCBuildConfiguration section */

/* Begin XCConfigurationList section */
		5380B26B1EC402CF0000CED2 /* Build configuration list for PBXProject "UITableViewNoData" */ = {
			isa = XCConfigurationList;
			buildConfigurations = (
				5380B2851EC402CF0000CED2 /* Debug */,
				5380B2861EC402CF0000CED2 /* Release */,
			);
			defaultConfigurationIsVisible = 0;
			defaultConfigurationName = Release;
		};
		5380B2871EC402CF0000CED2 /* Build configuration list for PBXNativeTarget "UITableViewNoData" */ = {
			isa = XCConfigurationList;
			buildConfigurations = (
				5380B2881EC402CF0000CED2 /* Debug */,
				5380B2891EC402CF0000CED2 /* Release */,
			);
			defaultConfigurationIsVisible = 0;
		};
/* End XCConfigurationList section */
	};
	rootObject = 5380B2681EC402CF0000CED2 /* Project object */;
}
